
Microsoft Visual Studio Solution File, Format Version 12.00
# Visual Studio Version 17
VisualStudioVersion = 17.6.33723.286
MinimumVisualStudioVersion = 10.0.40219.1
Project("{FAE04EC0-301F-11D3-BF4B-00C04F79EFBC}") = "RCL.SSL.CertificateBot.Core", "RCL.SSL.CertificateBot.Core\RCL.SSL.CertificateBot.Core.csproj", "{7326B0A0-02A8-4809-A229-1A8381CB29FC}"
EndProject
Project("{FAE04EC0-301F-11D3-BF4B-00C04F79EFBC}") = "RCL.SSL.CertificateBot.Core.Test", "RCL.SSL.CertificateBot.Core.Test\RCL.SSL.CertificateBot.Core.Test.csproj", "{DC0C6660-F18A-4EF5-9CB4-63ED0CE4C0D7}"
EndProject
Project("{FAE04EC0-301F-11D3-BF4B-00C04F79EFBC}") = "RCL.SSL.CertificateBot.Windows", "RCL.SSL.CertificateBot.Windows\RCL.SSL.CertificateBot.Windows.csproj", "{795E8798-5682-420D-9E94-7CED7AE509D8}"
EndProject
Project("{FAE04EC0-301F-11D3-BF4B-00C04F79EFBC}") = "RCL.SSL.CertificateBot.Linux", "RCL.SSL.CertificateBot.Linux\RCL.SSL.CertificateBot.Linux.csproj", "{6C5870DD-24FC-4AF0-A152-4A3582BA975D}"
EndProject
Project("{FAE04EC0-301F-11D3-BF4B-00C04F79EFBC}") = "RCL.SSL.CertificateBot.IIS", "RCL.SSL.CertificateBot.IIS\RCL.SSL.CertificateBot.IIS.csproj", "{3A19841A-D1C1-44D2-8885-A253EFB91D54}"
EndProject
Global
	GlobalSection(SolutionConfigurationPlatforms) = preSolution
		Debug|Any CPU = Debug|Any CPU
		Release|Any CPU = Release|Any CPU
	EndGlobalSection
	GlobalSection(ProjectConfigurationPlatforms) = postSolution
		{7326B0A0-02A8-4809-A229-1A8381CB29FC}.Debug|Any CPU.ActiveCfg = Debug|Any CPU
		{7326B0A0-02A8-4809-A229-1A8381CB29FC}.Debug|Any CPU.Build.0 = Debug|Any CPU
		{7326B0A0-02A8-4809-A229-1A8381CB29FC}.Release|Any CPU.ActiveCfg = Release|Any CPU
		{7326B0A0-02A8-4809-A229-1A8381CB29FC}.Release|Any CPU.Build.0 = Release|Any CPU
		{DC0C6660-F18A-4EF5-9CB4-63ED0CE4C0D7}.Debug|Any CPU.ActiveCfg = Debug|Any CPU
		{DC0C6660-F18A-4EF5-9CB4-63ED0CE4C0D7}.Debug|Any CPU.Build.0 = Debug|Any CPU
		{DC0C6660-F18A-4EF5-9CB4-63ED0CE4C0D7}.Release|Any CPU.ActiveCfg = Release|Any CPU
		{DC0C6660-F18A-4EF5-9CB4-63ED0CE4C0D7}.Release|Any CPU.Build.0 = Release|Any CPU
		{795E8798-5682-420D-9E94-7CED7AE509D8}.Debug|Any CPU.ActiveCfg = Debug|Any CPU
		{795E8798-5682-420D-9E94-7CED7AE509D8}.Debug|Any CPU.Build.0 = Debug|Any CPU
		{795E8798-5682-420D-9E94-7CED7AE509D8}.Release|Any CPU.ActiveCfg = Release|Any CPU
		{795E8798-5682-420D-9E94-7CED7AE509D8}.Release|Any CPU.Build.0 = Release|Any CPU
		{6C5870DD-24FC-4AF0-A152-4A3582BA975D}.Debug|Any CPU.ActiveCfg = Debug|Any CPU
		{6C5870DD-24FC-4AF0-A152-4A3582BA975D}.Debug|Any CPU.Build.0 = Debug|Any CPU
		{6C5870DD-24FC-4AF0-A152-4A3582BA975D}.Release|Any CPU.ActiveCfg = Release|Any CPU
		{6C5870DD-24FC-4AF0-A152-4A3582BA975D}.Release|Any CPU.Build.0 = Release|Any CPU
		{3A19841A-D1C1-44D2-8885-A253EFB91D54}.Debug|Any CPU.ActiveCfg = Debug|Any CPU
		{3A19841A-D1C1-44D2-8885-A253EFB91D54}.Debug|Any CPU.Build.0 = Debug|Any CPU
		{3A19841A-D1C1-44D2-8885-A253EFB91D54}.Release|Any CPU.ActiveCfg = Release|Any CPU
		{3A19841A-D1C1-44D2-8885-A253EFB91D54}.Release|Any CPU.Build.0 = Release|Any CPU
	EndGlobalSection
	GlobalSection(SolutionProperties) = preSolution
		HideSolutionNode = FALSE
	EndGlobalSection
	GlobalSection(ExtensibilityGlobals) = postSolution
		SolutionGuid = {8A67B6EE-56FC-42E1-894C-A9F04718C443}
	EndGlobalSection
EndGlobal
